// !$*UTF8*$!
{
	archiveVersion = 1;
	classes = {
	};
	objectVersion = 48;
	objects = {

/* Begin PBXBuildFile section */
		C7A45FD71F06D4B400020406 /* AppDelegate.swift in Sources */ = {isa = PBXBuildFile; fileRef = C7A45FD61F06D4B400020406 /* AppDelegate.swift */; };
		C7A45FD91F06D4B400020406 /* ViewController.swift in Sources */ = {isa = PBXBuildFile; fileRef = C7A45FD81F06D4B400020406 /* ViewController.swift */; };
		C7A45FDC1F06D4B400020406 /* Main.storyboard in Resources */ = {isa = PBXBuildFile; fileRef = C7A45FDA1F06D4B400020406 /* Main.storyboard */; };
		C7A45FDE1F06D4B400020406 /* Assets.xcassets in Resources */ = {isa = PBXBuildFile; fileRef = C7A45FDD1F06D4B400020406 /* Assets.xcassets */; };
		C7A45FE11F06D4B400020406 /* LaunchScreen.storyboard in Resources */ = {isa = PBXBuildFile; fileRef = C7A45FDF1F06D4B400020406 /* LaunchScreen.storyboard */; };
/* End PBXBuildFile section */

/* Begin PBXFileReference section */
		C7A45FD31F06D4B400020406 /* JsonParseSwift4.app */ = {isa = PBXFileReference; explicitFileType = wrapper.application; includeInIndex = 0; path = JsonParseSwift4.app; sourceTree = BUILT_PRODUCTS_DIR; };
		C7A45FD61F06D4B400020406 /* AppDelegate.swift */ = {isa = PBXFileReference; lastKnownFileType = sourcecode.swift; path = AppDelegate.swift; sourceTree = "<group>"; };
		C7A45FD81F06D4B400020406 /* ViewController.swift */ = {isa = PBXFileReference; lastKnownFileType = sourcecode.swift; path = ViewController.swift; sourceTree = "<group>"; };
		C7A45FDB1F06D4B400020406 /* Base */ = {isa = PBXFileReference; lastKnownFileType = file.storyboard; name = Base; path = Base.lproj/Main.storyboard; sourceTree = "<group>"; };
		C7A45FDD1F06D4B400020406 /* Assets.xcassets */ = {isa = PBXFileReference; lastKnownFileType = folder.assetcatalog; path = Assets.xcassets; sourceTree = "<group>"; };
		C7A45FE01F06D4B400020406 /* Base */ = {isa = PBXFileReference; lastKnownFileType = file.storyboard; name = Base; path = Base.lproj/LaunchScreen.storyboard; sourceTree = "<group>"; };
		C7A45FE21F06D4B400020406 /* Info.plist */ = {isa = PBXFileReference; lastKnownFileType = text.plist.xml; path = Info.plist; sourceTree = "<group>"; };
/* End PBXFileReference section */

/* Begin PBXFrameworksBuildPhase section */
		C7A45FD01F06D4B400020406 /* Frameworks */ = {
			isa = PBXFrameworksBuildPhase;
			buildActionMask = 2147483647;
			files = (
			);
			runOnlyForDeploymentPostprocessing = 0;
		};
/* End PBXFrameworksBuildPhase section */

/* Begin PBXGroup section */
		C7A45FCA1F06D4B400020406 = {
			isa = PBXGroup;
			children = (
				C7A45FD51F06D4B400020406 /* JsonParseSwift4 */,
				C7A45FD41F06D4B400020406 /* Products */,
			);
			sourceTree = "<group>";
		};
		C7A45FD41F06D4B400020406 /* Products */ = {
			isa = PBXGroup;
			children = (
				C7A45FD31F06D4B400020406 /* JsonParseSwift4.app */,
			);
			name = Products;
			sourceTree = "<group>";
		};
		C7A45FD51F06D4B400020406 /* JsonParseSwift4 */ = {
			isa = PBXGroup;
			children = (
				C7A45FD61F06D4B400020406 /* AppDelegate.swift */,
				C7A45FD81F06D4B400020406 /* ViewController.swift */,
				C7A45FDA1F06D4B400020406 /* Main.storyboard */,
				C7A45FDD1F06D4B400020406 /* Assets.xcassets */,
				C7A45FDF1F06D4B400020406 /* LaunchScreen.storyboard */,
				C7A45FE21F06D4B400020406 /* Info.plist */,
			);
			path = JsonParseSwift4;
			sourceTree = "<group>";
		};
/* End PBXGroup section */

/* Begin PBXNativeTarget section */
		C7A45FD21F06D4B400020406 /* JsonParseSwift4 */ = {
			isa = PBXNativeTarget;
			buildConfigurationList = C7A45FE51F06D4B400020406 /* Build configuration list for PBXNativeTarget "JsonParseSwift4" */;
			buildPhases = (
				C7A45FCF1F06D4B400020406 /* Sources */,
				C7A45FD01F06D4B400020406 /* Frameworks */,
				C7A45FD11F06D4B400020406 /* Resources */,
			);
			buildRules = (
			);
			dependencies = (
			);
			name = JsonParseSwift4;
			productName = JsonParseSwift4;
			productReference = C7A45FD31F06D4B400020406 /* JsonParseSwift4.app */;
			productType = "com.apple.product-type.application";
		};
/* End PBXNativeTarget section */

/* Begin PBXProject section */
		C7A45FCB1F06D4B400020406 /* Project object */ = {
			isa = PBXProject;
			attributes = {
				LastSwiftUpdateCheck = 0900;
				LastUpgradeCheck = 0900;
				ORGANIZATIONNAME = "Lets Build That App";
				TargetAttributes = {
					C7A45FD21F06D4B400020406 = {
						CreatedOnToolsVersion = 9.0;
					};
				};
			};
			buildConfigurationList = C7A45FCE1F06D4B400020406 /* Build configuration list for PBXProject "JsonParseSwift4" */;
			compatibilityVersion = "Xcode 8.0";
			developmentRegion = en;
			hasScannedForEncodings = 0;
			knownRegions = (
				en,
				Base,
			);
			mainGroup = C7A45FCA1F06D4B400020406;
			productRefGroup = C7A45FD41F06D4B400020406 /* Products */;
			projectDirPath = "";
			projectRoot = "";
			targets = (
				C7A45FD21F06D4B400020406 /* JsonParseSwift4 */,
			);
		};
/* End PBXProject section */

/* Begin PBXResourcesBuildPhase section */
		C7A45FD11F06D4B400020406 /* Resources */ = {
			isa = PBXResourcesBuildPhase;
			buildActionMask = 2147483647;
			files = (
				C7A45FE11F06D4B400020406 /* LaunchScreen.storyboard in Resources */,
				C7A45FDE1F06D4B400020406 /* Assets.xcassets in Resources */,
				C7A45FDC1F06D4B400020406 /* Main.storyboard in Resources */,
			);
			runOnlyForDeploymentPostprocessing = 0;
		};
/* End PBXResourcesBuildPhase section */

/* Begin PBXSourcesBuildPhase section */
		C7A45FCF1F06D4B400020406 /* Sources */ = {
			isa = PBXSourcesBuildPhase;
			buildActionMask = 2147483647;
			files = (
				C7A45FD91F06D4B400020406 /* ViewController.swift in Sources */,
				C7A45FD71F06D4B400020406 /* AppDelegate.swift in Sources */,
			);
			runOnlyForDeploymentPostprocessing = 0;
		};
/* End PBXSourcesBuildPhase section */

/* Begin PBXVariantGroup section */
		C7A45FDA1F06D4B400020406 /* Main.storyboard */ = {
			isa = PBXVariantGroup;
			children = (
				C7A45FDB1F06D4B400020406 /* Base */,
			);
			name = Main.storyboard;
			sourceTree = "<group>";
		};
		C7A45FDF1F06D4B400020406 /* LaunchScreen.storyboard */ = {
			isa = PBXVariantGroup;
			children = (
				C7A45FE01F06D4B400020406 /* Base */,
			);
			name = LaunchScreen.storyboard;
			sourceTree = "<group>";
		};
/* End PBXVariantGroup section */

/* Begin XCBuildConfiguration section */
		C7A45FE31F06D4B400020406 /* Debug */ = {
			isa = XCBuildConfiguration;
			buildSettings = {
				ALWAYS_SEARCH_USER_PATHS = NO;
				CLANG_ANALYZER_NONNULL = YES;
				CLANG_ANALYZER_NUMBER_OBJECT_CONVERSION = YES_AGGRESSIVE;
				CLANG_CXX_LANGUAGE_STANDARD = "gnu++14";
				CLANG_CXX_LIBRARY = "libc++";
				CLANG_ENABLE_MODULES = YES;
				CLANG_ENABLE_OBJC_ARC = YES;
				CLANG_WARN_BLOCK_CAPTURE_AUTORELEASING = YES;
				CLANG_WARN_BOOL_CONVERSION = YES;
				CLANG_WARN_COMMA = YES;
				CLANG_WARN_CONSTANT_CONVERSION = YES;
				CLANG_WARN_DIRECT_OBJC_ISA_USAGE = YES_ERROR;
				CLANG_WARN_DOCUMENTATION_COMMENTS = YES;
				CLANG_WARN_EMPTY_BODY = YES;
				CLANG_WARN_ENUM_CONVERSION = YES;
				CLANG_WARN_INFINITE_RECURSION = YES;
				CLANG_WARN_INT_CONVERSION = YES;
				CLANG_WARN_OBJC_ROOT_CLASS = YES_ERROR;
				CLANG_WARN_RANGE_LOOP_ANALYSIS = YES;
				CLANG_WARN_STRICT_PROTOTYPES = YES;
				CLANG_WARN_SUSPICIOUS_MOVE = YES;
				CLANG_WARN_UNGUARDED_AVAILABILITY = YES_AGGRESSIVE;
				CLANG_WARN_UNREACHABLE_CODE = YES;
				CLANG_WARN__DUPLICATE_METHOD_MATCH = YES;
				CODE_SIGN_IDENTITY = "iPhone Developer";
				COPY_PHASE_STRIP = NO;
				DEBUG_INFORMATION_FORMAT = dwarf;
				ENABLE_STRICT_OBJC_MSGSEND = YES;
				ENABLE_TESTABILITY = YES;
				GCC_C_LANGUAGE_STANDARD = gnu11;
				GCC_DYNAMIC_NO_PIC = NO;
				GCC_NO_COMMON_BLOCKS = YES;
				GCC_OPTIMIZATION_LEVEL = 0;
				GCC_PREPROCESSOR_DEFINITIONS = (
					"DEBUG=1",
					"$(inherited)",
				);
				GCC_WARN_64_TO_32_BIT_CONVERSION = YES;
				GCC_WARN_ABOUT_RETURN_TYPE = YES_ERROR;
				GCC_WARN_UNDECLARED_SELECTOR = YES;
				GCC_WARN_UNINITIALIZED_AUTOS = YES_AGGRESSIVE;
				GCC_WARN_UNUSED_FUNCTION = YES;
				GCC_WARN_UNUSED_VARIABLE = YES;
				IPHONEOS_DEPLOYMENT_TARGET = 11.0;
				MTL_ENABLE_DEBUG_INFO = YES;
				ONLY_ACTIVE_ARCH = YES;
				SDKROOT = iphoneos;
				SWIFT_ACTIVE_COMPILATION_CONDITIONS = DEBUG;
				SWIFT_OPTIMIZATION_LEVEL = "-Onone";
			};
			name = Debug;
		};
		C7A45FE41F06D4B400020406 /* Release */ = {
			isa = XCBuildConfiguration;
			buildSettings = {
				ALWAYS_SEARCH_USER_PATHS = NO;
				CLANG_ANALYZER_NONNULL = YES;
				CLANG_ANALYZER_NUMBER_OBJECT_CONVERSION = YES_AGGRESSIVE;
				CLANG_CXX_LANGUAGE_STANDARD = "gnu++14";
				CLANG_CXX_LIBRARY = "libc++";
				CLANG_ENABLE_MODULES = YES;
				CLANG_ENABLE_OBJC_ARC = YES;
				CLANG_WARN_BLOCK_CAPTURE_AUTORELEASING = YES;
				CLANG_WARN_BOOL_CONVERSION = YES;
				CLANG_WARN_COMMA = YES;
				CLANG_WARN_CONSTANT_CONVERSION = YES;
				CLANG_WARN_DIRECT_OBJC_ISA_USAGE = YES_ERROR;
				CLANG_WARN_DOCUMENTATION_COMMENTS = YES;
				CLANG_WARN_EMPTY_BODY = YES;
				CLANG_WARN_ENUM_CONVERSION = YES;
				CLANG_WARN_INFINITE_RECURSION = YES;
				CLANG_WARN_INT_CONVERSION = YES;
				CLANG_WARN_OBJC_ROOT_CLASS = YES_ERROR;
				CLANG_WARN_RANGE_LOOP_ANALYSIS = YES;
				CLANG_WARN_STRICT_PROTOTYPES = YES;
				CLANG_WARN_SUSPICIOUS_MOVE = YES;
				CLANG_WARN_UNGUARDED_AVAILABILITY = YES_AGGRESSIVE;
				CLANG_WARN_UNREACHABLE_CODE = YES;
				CLANG_WARN__DUPLICATE_METHOD_MATCH = YES;
				CODE_SIGN_IDENTITY = "iPhone Developer";
				COPY_PHASE_STRIP = NO;
				DEBUG_INFORMATION_FORMAT = "dwarf-with-dsym";
				ENABLE_NS_ASSERTIONS = NO;
				ENABLE_STRICT_OBJC_MSGSEND = YES;
				GCC_C_LANGUAGE_STANDARD = gnu11;
				GCC_NO_COMMON_BLOCKS = YES;
				GCC_WARN_64_TO_32_BIT_CONVERSION = YES;
				GCC_WARN_ABOUT_RETURN_TYPE = YES_ERROR;
				GCC_WARN_UNDECLARED_SELECTOR = YES;
				GCC_WARN_UNINITIALIZED_AUTOS = YES_AGGRESSIVE;
				GCC_WARN_UNUSED_FUNCTION = YES;
				GCC_WARN_UNUSED_VARIABLE = YES;
				IPHONEOS_DEPLOYMENT_TARGET = 11.0;
				MTL_ENABLE_DEBUG_INFO = NO;
				SDKROOT = iphoneos;
				SWIFT_OPTIMIZATION_LEVEL = "-Owholemodule";
				VALIDATE_PRODUCT = YES;
			};
			name = Release;
		};
		C7A45FE61F06D4B400020406 /* Debug */ = {
			isa = XCBuildConfiguration;
			buildSettings = {
				ASSETCATALOG_COMPILER_APPICON_NAME = AppIcon;
				DEVELOPMENT_TEAM = TU4944T6UG;
				INFOPLIST_FILE = JsonParseSwift4/Info.plist;
				LD_RUNPATH_SEARCH_PATHS = "$(inherited) @executable_path/Frameworks";
				PRODUCT_BUNDLE_IDENTIFIER = com.letsbuildthatapp.JsonParseSwift4;
				PRODUCT_NAME = "$(TARGET_NAME)";
				SWIFT_VERSION = 4.0;
				TARGETED_DEVICE_FAMILY = "1,2";
			};
			name = Debug;
		};
		C7A45FE71F06D4B400020406 /* Release */ = {
			isa = XCBuildConfiguration;
			buildSettings = {
				ASSETCATALOG_COMPILER_APPICON_NAME = AppIcon;
				DEVELOPMENT_TEAM = TU4944T6UG;
				INFOPLIST_FILE = JsonParseSwift4/Info.plist;
				LD_RUNPATH_SEARCH_PATHS = "$(inherited) @executable_path/Frameworks";
				PRODUCT_BUNDLE_IDENTIFIER = com.letsbuildthatapp.JsonParseSwift4;
				PRODUCT_NAME = "$(TARGET_NAME)";
				SWIFT_VERSION = 4.0;
				TARGETED_DEVICE_FAMILY = "1,2";
			};
			name = Release;
		};
/* End XCBuildConfiguration section */

/* Begin XCConfigurationList section */
		C7A45FCE1F06D4B400020406 /* Build configuration list for PBXProject "JsonParseSwift4" */ = {
			isa = XCConfigurationList;
			buildConfigurations = (
				C7A45FE31F06D4B400020406 /* Debug */,
				C7A45FE41F06D4B400020406 /* Release */,
			);
			defaultConfigurationIsVisible = 0;
			defaultConfigurationName = Release;
		};
		C7A45FE51F06D4B400020406 /* Build configuration list for PBXNativeTarget "JsonParseSwift4" */ = {
			isa = XCConfigurationList;
			buildConfigurations = (
				C7A45FE61F06D4B400020406 /* Debug */,
				C7A45FE71F06D4B400020406 /* Release */,
			);
			defaultConfigurationIsVisible = 0;
		};
/* End XCConfigurationList section */
	};
	rootObject = C7A45FCB1F06D4B400020406 /* Project object */;
}
